
Microsoft Visual Studio Solution File, Format Version 12.00
# Visual Studio Version 16
VisualStudioVersion = 16.0.31729.503
MinimumVisualStudioVersion = 10.0.40219.1
Project("{FAE04EC0-301F-11D3-BF4B-00C04F79EFBC}") = "JoseMero3AEJ6", "JoseMero3AEJ6.csproj", "{1811F6EA-850B-4118-9A96-0C097C252056}"
EndProject
Global
	GlobalSection(SolutionConfigurationPlatforms) = preSolution
		Debug|Any CPU = Debug|Any CPU
		Release|Any CPU = Release|Any CPU
	EndGlobalSection
	GlobalSection(ProjectConfigurationPlatforms) = postSolution
		{1811F6EA-850B-4118-9A96-0C097C252056}.Debug|Any CPU.ActiveCfg = Debug|Any CPU
		{1811F6EA-850B-4118-9A96-0C097C252056}.Debug|Any CPU.Build.0 = Debug|Any CPU
		{1811F6EA-850B-4118-9A96-0C097C252056}.Release|Any CPU.ActiveCfg = Release|Any CPU
		{1811F6EA-850B-4118-9A96-0C097C252056}.Release|Any CPU.Build.0 = Release|Any CPU
	EndGlobalSection
	GlobalSection(SolutionProperties) = preSolution
		HideSolutionNode = FALSE
	EndGlobalSection
	GlobalSection(ExtensibilityGlobals) = postSolution
		SolutionGuid = {699D8ADA-52A5-46C8-8C2D-AB83FF470C29}
	EndGlobalSection
EndGlobal
